// !$*UTF8*$!
{
	archiveVersion = 1;
	classes = {
	};
	objectVersion = 55;
	objects = {

/* Begin PBXBuildFile section */
		99D7BE272950A5590015BFB7 /* BullseyeApp.swift in Sources */ = {isa = PBXBuildFile; fileRef = 99D7BE262950A5590015BFB7 /* BullseyeApp.swift */; };
		99D7BE292950A5590015BFB7 /* ContentView.swift in Sources */ = {isa = PBXBuildFile; fileRef = 99D7BE282950A5590015BFB7 /* ContentView.swift */; };
		99D7BE2B2950A55A0015BFB7 /* Assets.xcassets in Resources */ = {isa = PBXBuildFile; fileRef = 99D7BE2A2950A55A0015BFB7 /* Assets.xcassets */; };
		99D7BE2E2950A55A0015BFB7 /* Preview Assets.xcassets in Resources */ = {isa = PBXBuildFile; fileRef = 99D7BE2D2950A55A0015BFB7 /* Preview Assets.xcassets */; };
		99D7BE382950A55A0015BFB7 /* BullseyeTests.swift in Sources */ = {isa = PBXBuildFile; fileRef = 99D7BE372950A55A0015BFB7 /* BullseyeTests.swift */; };
		99D7BE422950A55A0015BFB7 /* BullseyeUITests.swift in Sources */ = {isa = PBXBuildFile; fileRef = 99D7BE412950A55A0015BFB7 /* BullseyeUITests.swift */; };
		99D7BE442950A55A0015BFB7 /* BullseyeUITestsLaunchTests.swift in Sources */ = {isa = PBXBuildFile; fileRef = 99D7BE432950A55A0015BFB7 /* BullseyeUITestsLaunchTests.swift */; };
		99D7BE542950A57A0015BFB7 /* Constants.swift in Sources */ = {isa = PBXBuildFile; fileRef = 99D7BE532950A57A0015BFB7 /* Constants.swift */; };
		99D7BE562950A58B0015BFB7 /* Game.swift in Sources */ = {isa = PBXBuildFile; fileRef = 99D7BE552950A58B0015BFB7 /* Game.swift */; };
		99D7BE582950A5950015BFB7 /* BackgroundView.swift in Sources */ = {isa = PBXBuildFile; fileRef = 99D7BE572950A5950015BFB7 /* BackgroundView.swift */; };
		99D7BE5A2950A5A40015BFB7 /* TextView.swift in Sources */ = {isa = PBXBuildFile; fileRef = 99D7BE592950A5A40015BFB7 /* TextView.swift */; };
		99D7BE5C2950A5B50015BFB7 /* LeaderBoardView.swift in Sources */ = {isa = PBXBuildFile; fileRef = 99D7BE5B2950A5B50015BFB7 /* LeaderBoardView.swift */; };
		99D7BE602950A5F00015BFB7 /* PointsView.swift in Sources */ = {isa = PBXBuildFile; fileRef = 99D7BE5F2950A5F00015BFB7 /* PointsView.swift */; };
		99D7BE622950A5FA0015BFB7 /* RoundedView.swift in Sources */ = {isa = PBXBuildFile; fileRef = 99D7BE612950A5FA0015BFB7 /* RoundedView.swift */; };
/* End PBXBuildFile section */

/* Begin PBXContainerItemProxy section */
		99D7BE342950A55A0015BFB7 /* PBXContainerItemProxy */ = {
			isa = PBXContainerItemProxy;
			containerPortal = 99D7BE1B2950A5590015BFB7 /* Project object */;
			proxyType = 1;
			remoteGlobalIDString = 99D7BE222950A5590015BFB7;
			remoteInfo = Bullseye;
		};
		99D7BE3E2950A55A0015BFB7 /* PBXContainerItemProxy */ = {
			isa = PBXContainerItemProxy;
			containerPortal = 99D7BE1B2950A5590015BFB7 /* Project object */;
			proxyType = 1;
			remoteGlobalIDString = 99D7BE222950A5590015BFB7;
			remoteInfo = Bullseye;
		};
/* End PBXContainerItemProxy section */

/* Begin PBXFileReference section */
		99D7BE232950A5590015BFB7 /* Bullseye.app */ = {isa = PBXFileReference; explicitFileType = wrapper.application; includeInIndex = 0; path = Bullseye.app; sourceTree = BUILT_PRODUCTS_DIR; };
		99D7BE262950A5590015BFB7 /* BullseyeApp.swift */ = {isa = PBXFileReference; lastKnownFileType = sourcecode.swift; path = BullseyeApp.swift; sourceTree = "<group>"; };
		99D7BE282950A5590015BFB7 /* ContentView.swift */ = {isa = PBXFileReference; lastKnownFileType = sourcecode.swift; path = ContentView.swift; sourceTree = "<group>"; };
		99D7BE2A2950A55A0015BFB7 /* Assets.xcassets */ = {isa = PBXFileReference; lastKnownFileType = folder.assetcatalog; path = Assets.xcassets; sourceTree = "<group>"; };
		99D7BE2D2950A55A0015BFB7 /* Preview Assets.xcassets */ = {isa = PBXFileReference; lastKnownFileType = folder.assetcatalog; path = "Preview Assets.xcassets"; sourceTree = "<group>"; };
		99D7BE332950A55A0015BFB7 /* BullseyeTests.xctest */ = {isa = PBXFileReference; explicitFileType = wrapper.cfbundle; includeInIndex = 0; path = BullseyeTests.xctest; sourceTree = BUILT_PRODUCTS_DIR; };
		99D7BE372950A55A0015BFB7 /* BullseyeTests.swift */ = {isa = PBXFileReference; lastKnownFileType = sourcecode.swift; path = BullseyeTests.swift; sourceTree = "<group>"; };
		99D7BE3D2950A55A0015BFB7 /* BullseyeUITests.xctest */ = {isa = PBXFileReference; explicitFileType = wrapper.cfbundle; includeInIndex = 0; path = BullseyeUITests.xctest; sourceTree = BUILT_PRODUCTS_DIR; };
		99D7BE412950A55A0015BFB7 /* BullseyeUITests.swift */ = {isa = PBXFileReference; lastKnownFileType = sourcecode.swift; path = BullseyeUITests.swift; sourceTree = "<group>"; };
		99D7BE432950A55A0015BFB7 /* BullseyeUITestsLaunchTests.swift */ = {isa = PBXFileReference; lastKnownFileType = sourcecode.swift; path = BullseyeUITestsLaunchTests.swift; sourceTree = "<group>"; };
		99D7BE532950A57A0015BFB7 /* Constants.swift */ = {isa = PBXFileReference; lastKnownFileType = sourcecode.swift; path = Constants.swift; sourceTree = "<group>"; };
		99D7BE552950A58B0015BFB7 /* Game.swift */ = {isa = PBXFileReference; lastKnownFileType = sourcecode.swift; path = Game.swift; sourceTree = "<group>"; };
		99D7BE572950A5950015BFB7 /* BackgroundView.swift */ = {isa = PBXFileReference; lastKnownFileType = sourcecode.swift; path = BackgroundView.swift; sourceTree = "<group>"; };
		99D7BE592950A5A40015BFB7 /* TextView.swift */ = {isa = PBXFileReference; lastKnownFileType = sourcecode.swift; path = TextView.swift; sourceTree = "<group>"; };
		99D7BE5B2950A5B50015BFB7 /* LeaderBoardView.swift */ = {isa = PBXFileReference; lastKnownFileType = sourcecode.swift; path = LeaderBoardView.swift; sourceTree = "<group>"; };
		99D7BE5F2950A5F00015BFB7 /* PointsView.swift */ = {isa = PBXFileReference; lastKnownFileType = sourcecode.swift; path = PointsView.swift; sourceTree = "<group>"; };
		99D7BE612950A5FA0015BFB7 /* RoundedView.swift */ = {isa = PBXFileReference; lastKnownFileType = sourcecode.swift; path = RoundedView.swift; sourceTree = "<group>"; };
/* End PBXFileReference section */

/* Begin PBXFrameworksBuildPhase section */
		99D7BE202950A5590015BFB7 /* Frameworks */ = {
			isa = PBXFrameworksBuildPhase;
			buildActionMask = 2147483647;
			files = (
			);
			runOnlyForDeploymentPostprocessing = 0;
		};
		99D7BE302950A55A0015BFB7 /* Frameworks */ = {
			isa = PBXFrameworksBuildPhase;
			buildActionMask = 2147483647;
			files = (
			);
			runOnlyForDeploymentPostprocessing = 0;
		};
		99D7BE3A2950A55A0015BFB7 /* Frameworks */ = {
			isa = PBXFrameworksBuildPhase;
			buildActionMask = 2147483647;
			files = (
			);
			runOnlyForDeploymentPostprocessing = 0;
		};
/* End PBXFrameworksBuildPhase section */

/* Begin PBXGroup section */
		99D7BE1A2950A5590015BFB7 = {
			isa = PBXGroup;
			children = (
				99D7BE252950A5590015BFB7 /* Bullseye */,
				99D7BE362950A55A0015BFB7 /* BullseyeTests */,
				99D7BE402950A55A0015BFB7 /* BullseyeUITests */,
				99D7BE242950A5590015BFB7 /* Products */,
			);
			sourceTree = "<group>";
		};
		99D7BE242950A5590015BFB7 /* Products */ = {
			isa = PBXGroup;
			children = (
				99D7BE232950A5590015BFB7 /* Bullseye.app */,
				99D7BE332950A55A0015BFB7 /* BullseyeTests.xctest */,
				99D7BE3D2950A55A0015BFB7 /* BullseyeUITests.xctest */,
			);
			name = Products;
			sourceTree = "<group>";
		};
		99D7BE252950A5590015BFB7 /* Bullseye */ = {
			isa = PBXGroup;
			children = (
				99D7BE522950A56D0015BFB7 /* Models */,
				99D7BE512950A5680015BFB7 /* Views */,
				99D7BE502950A5630015BFB7 /* App */,
				99D7BE2C2950A55A0015BFB7 /* Preview Content */,
			);
			path = Bullseye;
			sourceTree = "<group>";
		};
		99D7BE2C2950A55A0015BFB7 /* Preview Content */ = {
			isa = PBXGroup;
			children = (
				99D7BE2D2950A55A0015BFB7 /* Preview Assets.xcassets */,
			);
			path = "Preview Content";
			sourceTree = "<group>";
		};
		99D7BE362950A55A0015BFB7 /* BullseyeTests */ = {
			isa = PBXGroup;
			children = (
				99D7BE372950A55A0015BFB7 /* BullseyeTests.swift */,
			);
			path = BullseyeTests;
			sourceTree = "<group>";
		};
		99D7BE402950A55A0015BFB7 /* BullseyeUITests */ = {
			isa = PBXGroup;
			children = (
				99D7BE412950A55A0015BFB7 /* BullseyeUITests.swift */,
				99D7BE432950A55A0015BFB7 /* BullseyeUITestsLaunchTests.swift */,
			);
			path = BullseyeUITests;
			sourceTree = "<group>";
		};
		99D7BE502950A5630015BFB7 /* App */ = {
			isa = PBXGroup;
			children = (
				99D7BE262950A5590015BFB7 /* BullseyeApp.swift */,
				99D7BE2A2950A55A0015BFB7 /* Assets.xcassets */,
			);
			path = App;
			sourceTree = "<group>";
		};
		99D7BE512950A5680015BFB7 /* Views */ = {
			isa = PBXGroup;
			children = (
				99D7BE282950A5590015BFB7 /* ContentView.swift */,
				99D7BE572950A5950015BFB7 /* BackgroundView.swift */,
				99D7BE592950A5A40015BFB7 /* TextView.swift */,
				99D7BE5B2950A5B50015BFB7 /* LeaderBoardView.swift */,
				99D7BE5F2950A5F00015BFB7 /* PointsView.swift */,
				99D7BE612950A5FA0015BFB7 /* RoundedView.swift */,
			);
			path = Views;
			sourceTree = "<group>";
		};
		99D7BE522950A56D0015BFB7 /* Models */ = {
			isa = PBXGroup;
			children = (
				99D7BE532950A57A0015BFB7 /* Constants.swift */,
				99D7BE552950A58B0015BFB7 /* Game.swift */,
			);
			path = Models;
			sourceTree = "<group>";
		};
/* End PBXGroup section */

/* Begin PBXNativeTarget section */
		99D7BE222950A5590015BFB7 /* Bullseye */ = {
			isa = PBXNativeTarget;
			buildConfigurationList = 99D7BE472950A55A0015BFB7 /* Build configuration list for PBXNativeTarget "Bullseye" */;
			buildPhases = (
				99D7BE1F2950A5590015BFB7 /* Sources */,
				99D7BE202950A5590015BFB7 /* Frameworks */,
				99D7BE212950A5590015BFB7 /* Resources */,
			);
			buildRules = (
			);
			dependencies = (
			);
			name = Bullseye;
			productName = Bullseye;
			productReference = 99D7BE232950A5590015BFB7 /* Bullseye.app */;
			productType = "com.apple.product-type.application";
		};
		99D7BE322950A55A0015BFB7 /* BullseyeTests */ = {
			isa = PBXNativeTarget;
			buildConfigurationList = 99D7BE4A2950A55A0015BFB7 /* Build configuration list for PBXNativeTarget "BullseyeTests" */;
			buildPhases = (
				99D7BE2F2950A55A0015BFB7 /* Sources */,
				99D7BE302950A55A0015BFB7 /* Frameworks */,
				99D7BE312950A55A0015BFB7 /* Resources */,
			);
			buildRules = (
			);
			dependencies = (
				99D7BE352950A55A0015BFB7 /* PBXTargetDependency */,
			);
			name = BullseyeTests;
			productName = BullseyeTests;
			productReference = 99D7BE332950A55A0015BFB7 /* BullseyeTests.xctest */;
			productType = "com.apple.product-type.bundle.unit-test";
		};
		99D7BE3C2950A55A0015BFB7 /* BullseyeUITests */ = {
			isa = PBXNativeTarget;
			buildConfigurationList = 99D7BE4D2950A55A0015BFB7 /* Build configuration list for PBXNativeTarget "BullseyeUITests" */;
			buildPhases = (
				99D7BE392950A55A0015BFB7 /* Sources */,
				99D7BE3A2950A55A0015BFB7 /* Frameworks */,
				99D7BE3B2950A55A0015BFB7 /* Resources */,
			);
			buildRules = (
			);
			dependencies = (
				99D7BE3F2950A55A0015BFB7 /* PBXTargetDependency */,
			);
			name = BullseyeUITests;
			productName = BullseyeUITests;
			productReference = 99D7BE3D2950A55A0015BFB7 /* BullseyeUITests.xctest */;
			productType = "com.apple.product-type.bundle.ui-testing";
		};
/* End PBXNativeTarget section */

/* Begin PBXProject section */
		99D7BE1B2950A5590015BFB7 /* Project object */ = {
			isa = PBXProject;
			attributes = {
				BuildIndependentTargetsInParallel = 1;
				LastSwiftUpdateCheck = 1340;
				LastUpgradeCheck = 1340;
				TargetAttributes = {
					99D7BE222950A5590015BFB7 = {
						CreatedOnToolsVersion = 13.4.1;
					};
					99D7BE322950A55A0015BFB7 = {
						CreatedOnToolsVersion = 13.4.1;
						TestTargetID = 99D7BE222950A5590015BFB7;
					};
					99D7BE3C2950A55A0015BFB7 = {
						CreatedOnToolsVersion = 13.4.1;
						TestTargetID = 99D7BE222950A5590015BFB7;
					};
				};
			};
			buildConfigurationList = 99D7BE1E2950A5590015BFB7 /* Build configuration list for PBXProject "Bullseye" */;
			compatibilityVersion = "Xcode 13.0";
			developmentRegion = en;
			hasScannedForEncodings = 0;
			knownRegions = (
				en,
				Base,
			);
			mainGroup = 99D7BE1A2950A5590015BFB7;
			productRefGroup = 99D7BE242950A5590015BFB7 /* Products */;
			projectDirPath = "";
			projectRoot = "";
			targets = (
				99D7BE222950A5590015BFB7 /* Bullseye */,
				99D7BE322950A55A0015BFB7 /* BullseyeTests */,
				99D7BE3C2950A55A0015BFB7 /* BullseyeUITests */,
			);
		};
/* End PBXProject section */

/* Begin PBXResourcesBuildPhase section */
		99D7BE212950A5590015BFB7 /* Resources */ = {
			isa = PBXResourcesBuildPhase;
			buildActionMask = 2147483647;
			files = (
				99D7BE2E2950A55A0015BFB7 /* Preview Assets.xcassets in Resources */,
				99D7BE2B2950A55A0015BFB7 /* Assets.xcassets in Resources */,
			);
			runOnlyForDeploymentPostprocessing = 0;
		};
		99D7BE312950A55A0015BFB7 /* Resources */ = {
			isa = PBXResourcesBuildPhase;
			buildActionMask = 2147483647;
			files = (
			);
			runOnlyForDeploymentPostprocessing = 0;
		};
		99D7BE3B2950A55A0015BFB7 /* Resources */ = {
			isa = PBXResourcesBuildPhase;
			buildActionMask = 2147483647;
			files = (
			);
			runOnlyForDeploymentPostprocessing = 0;
		};
/* End PBXResourcesBuildPhase section */

/* Begin PBXSourcesBuildPhase section */
		99D7BE1F2950A5590015BFB7 /* Sources */ = {
			isa = PBXSourcesBuildPhase;
			buildActionMask = 2147483647;
			files = (
				99D7BE582950A5950015BFB7 /* BackgroundView.swift in Sources */,
				99D7BE292950A5590015BFB7 /* ContentView.swift in Sources */,
				99D7BE622950A5FA0015BFB7 /* RoundedView.swift in Sources */,
				99D7BE5C2950A5B50015BFB7 /* LeaderBoardView.swift in Sources */,
				99D7BE602950A5F00015BFB7 /* PointsView.swift in Sources */,
				99D7BE272950A5590015BFB7 /* BullseyeApp.swift in Sources */,
				99D7BE5A2950A5A40015BFB7 /* TextView.swift in Sources */,
				99D7BE542950A57A0015BFB7 /* Constants.swift in Sources */,
				99D7BE562950A58B0015BFB7 /* Game.swift in Sources */,
			);
			runOnlyForDeploymentPostprocessing = 0;
		};
		99D7BE2F2950A55A0015BFB7 /* Sources */ = {
			isa = PBXSourcesBuildPhase;
			buildActionMask = 2147483647;
			files = (
				99D7BE382950A55A0015BFB7 /* BullseyeTests.swift in Sources */,
			);
			runOnlyForDeploymentPostprocessing = 0;
		};
		99D7BE392950A55A0015BFB7 /* Sources */ = {
			isa = PBXSourcesBuildPhase;
			buildActionMask = 2147483647;
			files = (
				99D7BE442950A55A0015BFB7 /* BullseyeUITestsLaunchTests.swift in Sources */,
				99D7BE422950A55A0015BFB7 /* BullseyeUITests.swift in Sources */,
			);
			runOnlyForDeploymentPostprocessing = 0;
		};
/* End PBXSourcesBuildPhase section */

/* Begin PBXTargetDependency section */
		99D7BE352950A55A0015BFB7 /* PBXTargetDependency */ = {
			isa = PBXTargetDependency;
			target = 99D7BE222950A5590015BFB7 /* Bullseye */;
			targetProxy = 99D7BE342950A55A0015BFB7 /* PBXContainerItemProxy */;
		};
		99D7BE3F2950A55A0015BFB7 /* PBXTargetDependency */ = {
			isa = PBXTargetDependency;
			target = 99D7BE222950A5590015BFB7 /* Bullseye */;
			targetProxy = 99D7BE3E2950A55A0015BFB7 /* PBXContainerItemProxy */;
		};
/* End PBXTargetDependency section */

/* Begin XCBuildConfiguration section */
		99D7BE452950A55A0015BFB7 /* Debug */ = {
			isa = XCBuildConfiguration;
			buildSettings = {
				ALWAYS_SEARCH_USER_PATHS = NO;
				CLANG_ANALYZER_NONNULL = YES;
				CLANG_ANALYZER_NUMBER_OBJECT_CONVERSION = YES_AGGRESSIVE;
				CLANG_CXX_LANGUAGE_STANDARD = "gnu++17";
				CLANG_ENABLE_MODULES = YES;
				CLANG_ENABLE_OBJC_ARC = YES;
				CLANG_ENABLE_OBJC_WEAK = YES;
				CLANG_WARN_BLOCK_CAPTURE_AUTORELEASING = YES;
				CLANG_WARN_BOOL_CONVERSION = YES;
				CLANG_WARN_COMMA = YES;
				CLANG_WARN_CONSTANT_CONVERSION = YES;
				CLANG_WARN_DEPRECATED_OBJC_IMPLEMENTATIONS = YES;
				CLANG_WARN_DIRECT_OBJC_ISA_USAGE = YES_ERROR;
				CLANG_WARN_DOCUMENTATION_COMMENTS = YES;
				CLANG_WARN_EMPTY_BODY = YES;
				CLANG_WARN_ENUM_CONVERSION = YES;
				CLANG_WARN_INFINITE_RECURSION = YES;
				CLANG_WARN_INT_CONVERSION = YES;
				CLANG_WARN_NON_LITERAL_NULL_CONVERSION = YES;
				CLANG_WARN_OBJC_IMPLICIT_RETAIN_SELF = YES;
				CLANG_WARN_OBJC_LITERAL_CONVERSION = YES;
				CLANG_WARN_OBJC_ROOT_CLASS = YES_ERROR;
				CLANG_WARN_QUOTED_INCLUDE_IN_FRAMEWORK_HEADER = YES;
				CLANG_WARN_RANGE_LOOP_ANALYSIS = YES;
				CLANG_WARN_STRICT_PROTOTYPES = YES;
				CLANG_WARN_SUSPICIOUS_MOVE = YES;
				CLANG_WARN_UNGUARDED_AVAILABILITY = YES_AGGRESSIVE;
				CLANG_WARN_UNREACHABLE_CODE = YES;
				CLANG_WARN__DUPLICATE_METHOD_MATCH = YES;
				COPY_PHASE_STRIP = NO;
				DEBUG_INFORMATION_FORMAT = dwarf;
				ENABLE_STRICT_OBJC_MSGSEND = YES;
				ENABLE_TESTABILITY = YES;
				GCC_C_LANGUAGE_STANDARD = gnu11;
				GCC_DYNAMIC_NO_PIC = NO;
				GCC_NO_COMMON_BLOCKS = YES;
				GCC_OPTIMIZATION_LEVEL = 0;
				GCC_PREPROCESSOR_DEFINITIONS = (
					"DEBUG=1",
					"$(inherited)",
				);
				GCC_WARN_64_TO_32_BIT_CONVERSION = YES;
				GCC_WARN_ABOUT_RETURN_TYPE = YES_ERROR;
				GCC_WARN_UNDECLARED_SELECTOR = YES;
				GCC_WARN_UNINITIALIZED_AUTOS = YES_AGGRESSIVE;
				GCC_WARN_UNUSED_FUNCTION = YES;
				GCC_WARN_UNUSED_VARIABLE = YES;
				IPHONEOS_DEPLOYMENT_TARGET = 15.5;
				MTL_ENABLE_DEBUG_INFO = INCLUDE_SOURCE;
				MTL_FAST_MATH = YES;
				ONLY_ACTIVE_ARCH = YES;
				SDKROOT = iphoneos;
				SWIFT_ACTIVE_COMPILATION_CONDITIONS = DEBUG;
				SWIFT_OPTIMIZATION_LEVEL = "-Onone";
			};
			name = Debug;
		};
		99D7BE462950A55A0015BFB7 /* Release */ = {
			isa = XCBuildConfiguration;
			buildSettings = {
				ALWAYS_SEARCH_USER_PATHS = NO;
				CLANG_ANALYZER_NONNULL = YES;
				CLANG_ANALYZER_NUMBER_OBJECT_CONVERSION = YES_AGGRESSIVE;
				CLANG_CXX_LANGUAGE_STANDARD = "gnu++17";
				CLANG_ENABLE_MODULES = YES;
				CLANG_ENABLE_OBJC_ARC = YES;
				CLANG_ENABLE_OBJC_WEAK = YES;
				CLANG_WARN_BLOCK_CAPTURE_AUTORELEASING = YES;
				CLANG_WARN_BOOL_CONVERSION = YES;
				CLANG_WARN_COMMA = YES;
				CLANG_WARN_CONSTANT_CONVERSION = YES;
				CLANG_WARN_DEPRECATED_OBJC_IMPLEMENTATIONS = YES;
				CLANG_WARN_DIRECT_OBJC_ISA_USAGE = YES_ERROR;
				CLANG_WARN_DOCUMENTATION_COMMENTS = YES;
				CLANG_WARN_EMPTY_BODY = YES;
				CLANG_WARN_ENUM_CONVERSION = YES;
				CLANG_WARN_INFINITE_RECURSION = YES;
				CLANG_WARN_INT_CONVERSION = YES;
				CLANG_WARN_NON_LITERAL_NULL_CONVERSION = YES;
				CLANG_WARN_OBJC_IMPLICIT_RETAIN_SELF = YES;
				CLANG_WARN_OBJC_LITERAL_CONVERSION = YES;
				CLANG_WARN_OBJC_ROOT_CLASS = YES_ERROR;
				CLANG_WARN_QUOTED_INCLUDE_IN_FRAMEWORK_HEADER = YES;
				CLANG_WARN_RANGE_LOOP_ANALYSIS = YES;
				CLANG_WARN_STRICT_PROTOTYPES = YES;
				CLANG_WARN_SUSPICIOUS_MOVE = YES;
				CLANG_WARN_UNGUARDED_AVAILABILITY = YES_AGGRESSIVE;
				CLANG_WARN_UNREACHABLE_CODE = YES;
				CLANG_WARN__DUPLICATE_METHOD_MATCH = YES;
				COPY_PHASE_STRIP = NO;
				DEBUG_INFORMATION_FORMAT = "dwarf-with-dsym";
				ENABLE_NS_ASSERTIONS = NO;
				ENABLE_STRICT_OBJC_MSGSEND = YES;
				GCC_C_LANGUAGE_STANDARD = gnu11;
				GCC_NO_COMMON_BLOCKS = YES;
				GCC_WARN_64_TO_32_BIT_CONVERSION = YES;
				GCC_WARN_ABOUT_RETURN_TYPE = YES_ERROR;
				GCC_WARN_UNDECLARED_SELECTOR = YES;
				GCC_WARN_UNINITIALIZED_AUTOS = YES_AGGRESSIVE;
				GCC_WARN_UNUSED_FUNCTION = YES;
				GCC_WARN_UNUSED_VARIABLE = YES;
				IPHONEOS_DEPLOYMENT_TARGET = 15.5;
				MTL_ENABLE_DEBUG_INFO = NO;
				MTL_FAST_MATH = YES;
				SDKROOT = iphoneos;
				SWIFT_COMPILATION_MODE = wholemodule;
				SWIFT_OPTIMIZATION_LEVEL = "-O";
				VALIDATE_PRODUCT = YES;
			};
			name = Release;
		};
		99D7BE482950A55A0015BFB7 /* Debug */ = {
			isa = XCBuildConfiguration;
			buildSettings = {
				ASSETCATALOG_COMPILER_APPICON_NAME = AppIcon;
				ASSETCATALOG_COMPILER_GLOBAL_ACCENT_COLOR_NAME = AccentColor;
				CODE_SIGN_STYLE = Automatic;
				CURRENT_PROJECT_VERSION = 1;
				DEVELOPMENT_ASSET_PATHS = "\"Bullseye/Preview Content\"";
				DEVELOPMENT_TEAM = MHLH6NBBCA;
				ENABLE_PREVIEWS = YES;
				GENERATE_INFOPLIST_FILE = YES;
				INFOPLIST_KEY_UIApplicationSceneManifest_Generation = YES;
				INFOPLIST_KEY_UIApplicationSupportsIndirectInputEvents = YES;
				INFOPLIST_KEY_UILaunchScreen_Generation = YES;
				INFOPLIST_KEY_UISupportedInterfaceOrientations_iPad = "UIInterfaceOrientationPortrait UIInterfaceOrientationPortraitUpsideDown UIInterfaceOrientationLandscapeLeft UIInterfaceOrientationLandscapeRight";
				INFOPLIST_KEY_UISupportedInterfaceOrientations_iPhone = "UIInterfaceOrientationPortrait UIInterfaceOrientationLandscapeLeft UIInterfaceOrientationLandscapeRight";
				LD_RUNPATH_SEARCH_PATHS = (
					"$(inherited)",
					"@executable_path/Frameworks",
				);
				MARKETING_VERSION = 1.0;
				PRODUCT_BUNDLE_IDENTIFIER = com.abitoffka.Bullseye.Bullseye;
				PRODUCT_NAME = "$(TARGET_NAME)";
				SWIFT_EMIT_LOC_STRINGS = YES;
				SWIFT_VERSION = 5.0;
				TARGETED_DEVICE_FAMILY = "1,2";
			};
			name = Debug;
		};
		99D7BE492950A55A0015BFB7 /* Release */ = {
			isa = XCBuildConfiguration;
			buildSettings = {
				ASSETCATALOG_COMPILER_APPICON_NAME = AppIcon;
				ASSETCATALOG_COMPILER_GLOBAL_ACCENT_COLOR_NAME = AccentColor;
				CODE_SIGN_STYLE = Automatic;
				CURRENT_PROJECT_VERSION = 1;
				DEVELOPMENT_ASSET_PATHS = "\"Bullseye/Preview Content\"";
				DEVELOPMENT_TEAM = MHLH6NBBCA;
				ENABLE_PREVIEWS = YES;
				GENERATE_INFOPLIST_FILE = YES;
				INFOPLIST_KEY_UIApplicationSceneManifest_Generation = YES;
				INFOPLIST_KEY_UIApplicationSupportsIndirectInputEvents = YES;
				INFOPLIST_KEY_UILaunchScreen_Generation = YES;
				INFOPLIST_KEY_UISupportedInterfaceOrientations_iPad = "UIInterfaceOrientationPortrait UIInterfaceOrientationPortraitUpsideDown UIInterfaceOrientationLandscapeLeft UIInterfaceOrientationLandscapeRight";
				INFOPLIST_KEY_UISupportedInterfaceOrientations_iPhone = "UIInterfaceOrientationPortrait UIInterfaceOrientationLandscapeLeft UIInterfaceOrientationLandscapeRight";
				LD_RUNPATH_SEARCH_PATHS = (
					"$(inherited)",
					"@executable_path/Frameworks",
				);
				MARKETING_VERSION = 1.0;
				PRODUCT_BUNDLE_IDENTIFIER = com.abitoffka.Bullseye.Bullseye;
				PRODUCT_NAME = "$(TARGET_NAME)";
				SWIFT_EMIT_LOC_STRINGS = YES;
				SWIFT_VERSION = 5.0;
				TARGETED_DEVICE_FAMILY = "1,2";
			};
			name = Release;
		};
		99D7BE4B2950A55A0015BFB7 /* Debug */ = {
			isa = XCBuildConfiguration;
			buildSettings = {
				ALWAYS_EMBED_SWIFT_STANDARD_LIBRARIES = YES;
				BUNDLE_LOADER = "$(TEST_HOST)";
				CODE_SIGN_STYLE = Automatic;
				CURRENT_PROJECT_VERSION = 1;
				DEVELOPMENT_TEAM = MHLH6NBBCA;
				GENERATE_INFOPLIST_FILE = YES;
				IPHONEOS_DEPLOYMENT_TARGET = 15.5;
				MARKETING_VERSION = 1.0;
				PRODUCT_BUNDLE_IDENTIFIER = com.abitoffka.Bullseye.BullseyeTests;
				PRODUCT_NAME = "$(TARGET_NAME)";
				SWIFT_EMIT_LOC_STRINGS = NO;
				SWIFT_VERSION = 5.0;
				TARGETED_DEVICE_FAMILY = "1,2";
				TEST_HOST = "$(BUILT_PRODUCTS_DIR)/Bullseye.app/Bullseye";
			};
			name = Debug;
		};
		99D7BE4C2950A55A0015BFB7 /* Release */ = {
			isa = XCBuildConfiguration;
			buildSettings = {
				ALWAYS_EMBED_SWIFT_STANDARD_LIBRARIES = YES;
				BUNDLE_LOADER = "$(TEST_HOST)";
				CODE_SIGN_STYLE = Automatic;
				CURRENT_PROJECT_VERSION = 1;
				DEVELOPMENT_TEAM = MHLH6NBBCA;
				GENERATE_INFOPLIST_FILE = YES;
				IPHONEOS_DEPLOYMENT_TARGET = 15.5;
				MARKETING_VERSION = 1.0;
				PRODUCT_BUNDLE_IDENTIFIER = com.abitoffka.Bullseye.BullseyeTests;
				PRODUCT_NAME = "$(TARGET_NAME)";
				SWIFT_EMIT_LOC_STRINGS = NO;
				SWIFT_VERSION = 5.0;
				TARGETED_DEVICE_FAMILY = "1,2";
				TEST_HOST = "$(BUILT_PRODUCTS_DIR)/Bullseye.app/Bullseye";
			};
			name = Release;
		};
		99D7BE4E2950A55A0015BFB7 /* Debug */ = {
			isa = XCBuildConfiguration;
			buildSettings = {
				ALWAYS_EMBED_SWIFT_STANDARD_LIBRARIES = YES;
				CODE_SIGN_STYLE = Automatic;
				CURRENT_PROJECT_VERSION = 1;
				DEVELOPMENT_TEAM = MHLH6NBBCA;
				GENERATE_INFOPLIST_FILE = YES;
				MARKETING_VERSION = 1.0;
				PRODUCT_BUNDLE_IDENTIFIER = com.abitoffka.Bullseye.BullseyeUITests;
				PRODUCT_NAME = "$(TARGET_NAME)";
				SWIFT_EMIT_LOC_STRINGS = NO;
				SWIFT_VERSION = 5.0;
				TARGETED_DEVICE_FAMILY = "1,2";
				TEST_TARGET_NAME = Bullseye;
			};
			name = Debug;
		};
		99D7BE4F2950A55A0015BFB7 /* Release */ = {
			isa = XCBuildConfiguration;
			buildSettings = {
				ALWAYS_EMBED_SWIFT_STANDARD_LIBRARIES = YES;
				CODE_SIGN_STYLE = Automatic;
				CURRENT_PROJECT_VERSION = 1;
				DEVELOPMENT_TEAM = MHLH6NBBCA;
				GENERATE_INFOPLIST_FILE = YES;
				MARKETING_VERSION = 1.0;
				PRODUCT_BUNDLE_IDENTIFIER = com.abitoffka.Bullseye.BullseyeUITests;
				PRODUCT_NAME = "$(TARGET_NAME)";
				SWIFT_EMIT_LOC_STRINGS = NO;
				SWIFT_VERSION = 5.0;
				TARGETED_DEVICE_FAMILY = "1,2";
				TEST_TARGET_NAME = Bullseye;
			};
			name = Release;
		};
/* End XCBuildConfiguration section */

/* Begin XCConfigurationList section */
		99D7BE1E2950A5590015BFB7 /* Build configuration list for PBXProject "Bullseye" */ = {
			isa = XCConfigurationList;
			buildConfigurations = (
				99D7BE452950A55A0015BFB7 /* Debug */,
				99D7BE462950A55A0015BFB7 /* Release */,
			);
			defaultConfigurationIsVisible = 0;
			defaultConfigurationName = Release;
		};
		99D7BE472950A55A0015BFB7 /* Build configuration list for PBXNativeTarget "Bullseye" */ = {
			isa = XCConfigurationList;
			buildConfigurations = (
				99D7BE482950A55A0015BFB7 /* Debug */,
				99D7BE492950A55A0015BFB7 /* Release */,
			);
			defaultConfigurationIsVisible = 0;
			defaultConfigurationName = Release;
		};
		99D7BE4A2950A55A0015BFB7 /* Build configuration list for PBXNativeTarget "BullseyeTests" */ = {
			isa = XCConfigurationList;
			buildConfigurations = (
				99D7BE4B2950A55A0015BFB7 /* Debug */,
				99D7BE4C2950A55A0015BFB7 /* Release */,
			);
			defaultConfigurationIsVisible = 0;
			defaultConfigurationName = Release;
		};
		99D7BE4D2950A55A0015BFB7 /* Build configuration list for PBXNativeTarget "BullseyeUITests" */ = {
			isa = XCConfigurationList;
			buildConfigurations = (
				99D7BE4E2950A55A0015BFB7 /* Debug */,
				99D7BE4F2950A55A0015BFB7 /* Release */,
			);
			defaultConfigurationIsVisible = 0;
			defaultConfigurationName = Release;
		};
/* End XCConfigurationList section */
	};
	rootObject = 99D7BE1B2950A5590015BFB7 /* Project object */;
}
